
Microsoft Visual Studio Solution File, Format Version 12.00
# Visual Studio 2013
# UnrealEngineGeneratedSolutionVersion=1.0
Project("{2150E333-8FDC-42A3-9474-1A3956D46DE8}") = "Engine", "Engine", "{816DB16F-37D8-47B3-A202-78F1883BF530}"
EndProject
Project("{2150E333-8FDC-42A3-9474-1A3956D46DE8}") = "Games", "Games", "{D5735D88-CF70-4841-80D3-3696AC9BCA5A}"
EndProject
Project("{8BC9CEB8-8B4A-11D0-8D11-00A0C91BC942}") = "BuildingEscape", "Intermediate\ProjectFiles\BuildingEscape.vcxproj", "{61279A5D-4B82-45ED-8D97-4385F04894F7}"
EndProject
Project("{8BC9CEB8-8B4A-11D0-8D11-00A0C91BC942}") = "UE4", "Intermediate\ProjectFiles\UE4.vcxproj", "{E16DA97C-9F1F-403A-B127-43DE83C7FAF1}"
EndProject
Global
	GlobalSection(SolutionConfigurationPlatforms) = preSolution
		DebugGame Editor|Win32 = DebugGame Editor|Win32
		DebugGame Editor|Win64 = DebugGame Editor|Win64
		DebugGame|Win32 = DebugGame|Win32
		DebugGame|Win64 = DebugGame|Win64
		Development Editor|Win32 = Development Editor|Win32
		Development Editor|Win64 = Development Editor|Win64
		Development|Win32 = Development|Win32
		Development|Win64 = Development|Win64
		Shipping|Win32 = Shipping|Win32
		Shipping|Win64 = Shipping|Win64
	EndGlobalSection
	GlobalSection(ProjectConfigurationPlatforms) = postSolution
		{61279A5D-4B82-45ED-8D97-4385F04894F7}.DebugGame Editor|Win32.ActiveCfg = DebugGame_Editor|Win32
		{61279A5D-4B82-45ED-8D97-4385F04894F7}.DebugGame Editor|Win32.Build.0 = DebugGame_Editor|Win32
		{61279A5D-4B82-45ED-8D97-4385F04894F7}.DebugGame Editor|Win64.ActiveCfg = DebugGame_Editor|x64
		{61279A5D-4B82-45ED-8D97-4385F04894F7}.DebugGame Editor|Win64.Build.0 = DebugGame_Editor|x64
		{61279A5D-4B82-45ED-8D97-4385F04894F7}.DebugGame|Win32.ActiveCfg = DebugGame_Game|Win32
		{61279A5D-4B82-45ED-8D97-4385F04894F7}.DebugGame|Win32.Build.0 = DebugGame_Game|Win32
		{61279A5D-4B82-45ED-8D97-4385F04894F7}.DebugGame|Win64.ActiveCfg = DebugGame_Game|x64
		{61279A5D-4B82-45ED-8D97-4385F04894F7}.DebugGame|Win64.Build.0 = DebugGame_Game|x64
		{61279A5D-4B82-45ED-8D97-4385F04894F7}.Development Editor|Win32.ActiveCfg = Development_Editor|Win32
		{61279A5D-4B82-45ED-8D97-4385F04894F7}.Development Editor|Win32.Build.0 = Development_Editor|Win32
		{61279A5D-4B82-45ED-8D97-4385F04894F7}.Development Editor|Win64.ActiveCfg = Development_Editor|x64
		{61279A5D-4B82-45ED-8D97-4385F04894F7}.Development Editor|Win64.Build.0 = Development_Editor|x64
		{61279A5D-4B82-45ED-8D97-4385F04894F7}.Development|Win32.ActiveCfg = Development_Game|Win32
		{61279A5D-4B82-45ED-8D97-4385F04894F7}.Development|Win32.Build.0 = Development_Game|Win32
		{61279A5D-4B82-45ED-8D97-4385F04894F7}.Development|Win64.ActiveCfg = Development_Game|x64
		{61279A5D-4B82-45ED-8D97-4385F04894F7}.Development|Win64.Build.0 = Development_Game|x64
		{61279A5D-4B82-45ED-8D97-4385F04894F7}.Shipping|Win32.ActiveCfg = Shipping_Game|Win32
		{61279A5D-4B82-45ED-8D97-4385F04894F7}.Shipping|Win32.Build.0 = Shipping_Game|Win32
		{61279A5D-4B82-45ED-8D97-4385F04894F7}.Shipping|Win64.ActiveCfg = Shipping_Game|x64
		{61279A5D-4B82-45ED-8D97-4385F04894F7}.Shipping|Win64.Build.0 = Shipping_Game|x64
	EndGlobalSection
	GlobalSection(SolutionProperties) = preSolution
		HideSolutionNode = FALSE
	EndGlobalSection
	GlobalSection(NestedProjects) = preSolution
		{E16DA97C-9F1F-403A-B127-43DE83C7FAF1} = {816DB16F-37D8-47B3-A202-78F1883BF530}
		{61279A5D-4B82-45ED-8D97-4385F04894F7} = {D5735D88-CF70-4841-80D3-3696AC9BCA5A}
	EndGlobalSection
EndGlobal
